// !$*UTF8*$!
{
	archiveVersion = 1;
	classes = {
	};
	objectVersion = 56;
	objects = {

/* Begin PBXBuildFile section */
		8C0ECD1E29982565002AAA57 /* TabBarController.swift in Sources */ = {isa = PBXBuildFile; fileRef = 8C0ECD1D29982565002AAA57 /* TabBarController.swift */; };
		8C0ECD2029982C5B002AAA57 /* UIColorTabBar.swift in Sources */ = {isa = PBXBuildFile; fileRef = 8C0ECD1F29982C5B002AAA57 /* UIColorTabBar.swift */; };
		8CE2627B2996C18D00889E32 /* AppDelegate.swift in Sources */ = {isa = PBXBuildFile; fileRef = 8CE2627A2996C18D00889E32 /* AppDelegate.swift */; };
		8CE2627D2996C18D00889E32 /* SceneDelegate.swift in Sources */ = {isa = PBXBuildFile; fileRef = 8CE2627C2996C18D00889E32 /* SceneDelegate.swift */; };
		8CE2627F2996C18D00889E32 /* ViewController.swift in Sources */ = {isa = PBXBuildFile; fileRef = 8CE2627E2996C18D00889E32 /* ViewController.swift */; };
		8CE262822996C18D00889E32 /* Main.storyboard in Resources */ = {isa = PBXBuildFile; fileRef = 8CE262802996C18D00889E32 /* Main.storyboard */; };
		8CE262842996C18E00889E32 /* Assets.xcassets in Resources */ = {isa = PBXBuildFile; fileRef = 8CE262832996C18E00889E32 /* Assets.xcassets */; };
		8CE262872996C18E00889E32 /* LaunchScreen.storyboard in Resources */ = {isa = PBXBuildFile; fileRef = 8CE262852996C18E00889E32 /* LaunchScreen.storyboard */; };
		8CE262902996C22000889E32 /* ModelForContact.swift in Sources */ = {isa = PBXBuildFile; fileRef = 8CE2628F2996C22000889E32 /* ModelForContact.swift */; };
		8CE262932996C27000889E32 /* DataStore.swift in Sources */ = {isa = PBXBuildFile; fileRef = 8CE262922996C27000889E32 /* DataStore.swift */; };
		8CE262952996C2A600889E32 /* ContactViewController.swift in Sources */ = {isa = PBXBuildFile; fileRef = 8CE262942996C2A600889E32 /* ContactViewController.swift */; };
		8CE262972996C2CC00889E32 /* InfoViewController.swift in Sources */ = {isa = PBXBuildFile; fileRef = 8CE262962996C2CC00889E32 /* InfoViewController.swift */; };
		8CE262992996C2F300889E32 /* DetailedViewController.swift in Sources */ = {isa = PBXBuildFile; fileRef = 8CE262982996C2F300889E32 /* DetailedViewController.swift */; };
/* End PBXBuildFile section */

/* Begin PBXFileReference section */
		8C0ECD1D29982565002AAA57 /* TabBarController.swift */ = {isa = PBXFileReference; lastKnownFileType = sourcecode.swift; path = TabBarController.swift; sourceTree = "<group>"; };
		8C0ECD1F29982C5B002AAA57 /* UIColorTabBar.swift */ = {isa = PBXFileReference; lastKnownFileType = sourcecode.swift; path = UIColorTabBar.swift; sourceTree = "<group>"; };
		8CE262772996C18D00889E32 /* ContactListHM.app */ = {isa = PBXFileReference; explicitFileType = wrapper.application; includeInIndex = 0; path = ContactListHM.app; sourceTree = BUILT_PRODUCTS_DIR; };
		8CE2627A2996C18D00889E32 /* AppDelegate.swift */ = {isa = PBXFileReference; lastKnownFileType = sourcecode.swift; path = AppDelegate.swift; sourceTree = "<group>"; };
		8CE2627C2996C18D00889E32 /* SceneDelegate.swift */ = {isa = PBXFileReference; lastKnownFileType = sourcecode.swift; path = SceneDelegate.swift; sourceTree = "<group>"; };
		8CE2627E2996C18D00889E32 /* ViewController.swift */ = {isa = PBXFileReference; lastKnownFileType = sourcecode.swift; path = ViewController.swift; sourceTree = "<group>"; };
		8CE262812996C18D00889E32 /* Base */ = {isa = PBXFileReference; lastKnownFileType = file.storyboard; name = Base; path = Base.lproj/Main.storyboard; sourceTree = "<group>"; };
		8CE262832996C18E00889E32 /* Assets.xcassets */ = {isa = PBXFileReference; lastKnownFileType = folder.assetcatalog; path = Assets.xcassets; sourceTree = "<group>"; };
		8CE262862996C18E00889E32 /* Base */ = {isa = PBXFileReference; lastKnownFileType = file.storyboard; name = Base; path = Base.lproj/LaunchScreen.storyboard; sourceTree = "<group>"; };
		8CE262882996C18E00889E32 /* Info.plist */ = {isa = PBXFileReference; lastKnownFileType = text.plist.xml; path = Info.plist; sourceTree = "<group>"; };
		8CE2628F2996C22000889E32 /* ModelForContact.swift */ = {isa = PBXFileReference; lastKnownFileType = sourcecode.swift; path = ModelForContact.swift; sourceTree = "<group>"; };
		8CE262922996C27000889E32 /* DataStore.swift */ = {isa = PBXFileReference; lastKnownFileType = sourcecode.swift; path = DataStore.swift; sourceTree = "<group>"; };
		8CE262942996C2A600889E32 /* ContactViewController.swift */ = {isa = PBXFileReference; lastKnownFileType = sourcecode.swift; path = ContactViewController.swift; sourceTree = "<group>"; };
		8CE262962996C2CC00889E32 /* InfoViewController.swift */ = {isa = PBXFileReference; lastKnownFileType = sourcecode.swift; path = InfoViewController.swift; sourceTree = "<group>"; };
		8CE262982996C2F300889E32 /* DetailedViewController.swift */ = {isa = PBXFileReference; lastKnownFileType = sourcecode.swift; path = DetailedViewController.swift; sourceTree = "<group>"; };
/* End PBXFileReference section */

/* Begin PBXFrameworksBuildPhase section */
		8CE262742996C18D00889E32 /* Frameworks */ = {
			isa = PBXFrameworksBuildPhase;
			buildActionMask = 2147483647;
			files = (
			);
			runOnlyForDeploymentPostprocessing = 0;
		};
/* End PBXFrameworksBuildPhase section */

/* Begin PBXGroup section */
		8CE2626E2996C18D00889E32 = {
			isa = PBXGroup;
			children = (
				8CE262792996C18D00889E32 /* ContactListHM */,
				8CE262782996C18D00889E32 /* Products */,
			);
			sourceTree = "<group>";
		};
		8CE262782996C18D00889E32 /* Products */ = {
			isa = PBXGroup;
			children = (
				8CE262772996C18D00889E32 /* ContactListHM.app */,
			);
			name = Products;
			sourceTree = "<group>";
		};
		8CE262792996C18D00889E32 /* ContactListHM */ = {
			isa = PBXGroup;
			children = (
				8CE2627A2996C18D00889E32 /* AppDelegate.swift */,
				8CE2627C2996C18D00889E32 /* SceneDelegate.swift */,
				8CE2628E2996C1A700889E32 /* ViewControllers */,
				8CE262802996C18D00889E32 /* Main.storyboard */,
				8CE262912996C23400889E32 /* Models */,
				8CE262832996C18E00889E32 /* Assets.xcassets */,
				8CE262852996C18E00889E32 /* LaunchScreen.storyboard */,
				8CE262882996C18E00889E32 /* Info.plist */,
			);
			path = ContactListHM;
			sourceTree = "<group>";
		};
		8CE2628E2996C1A700889E32 /* ViewControllers */ = {
			isa = PBXGroup;
			children = (
				8CE2627E2996C18D00889E32 /* ViewController.swift */,
				8CE262942996C2A600889E32 /* ContactViewController.swift */,
				8CE262982996C2F300889E32 /* DetailedViewController.swift */,
				8CE262962996C2CC00889E32 /* InfoViewController.swift */,
				8C0ECD1D29982565002AAA57 /* TabBarController.swift */,
			);
			path = ViewControllers;
			sourceTree = "<group>";
		};
		8CE262912996C23400889E32 /* Models */ = {
			isa = PBXGroup;
			children = (
				8C0ECD1F29982C5B002AAA57 /* UIColorTabBar.swift */,
				8CE2628F2996C22000889E32 /* ModelForContact.swift */,
				8CE262922996C27000889E32 /* DataStore.swift */,
			);
			path = Models;
			sourceTree = "<group>";
		};
/* End PBXGroup section */

/* Begin PBXNativeTarget section */
		8CE262762996C18D00889E32 /* ContactListHM */ = {
			isa = PBXNativeTarget;
			buildConfigurationList = 8CE2628B2996C18E00889E32 /* Build configuration list for PBXNativeTarget "ContactListHM" */;
			buildPhases = (
				8CE262732996C18D00889E32 /* Sources */,
				8CE262742996C18D00889E32 /* Frameworks */,
				8CE262752996C18D00889E32 /* Resources */,
			);
			buildRules = (
			);
			dependencies = (
			);
			name = ContactListHM;
			productName = ContactListHM;
			productReference = 8CE262772996C18D00889E32 /* ContactListHM.app */;
			productType = "com.apple.product-type.application";
		};
/* End PBXNativeTarget section */

/* Begin PBXProject section */
		8CE2626F2996C18D00889E32 /* Project object */ = {
			isa = PBXProject;
			attributes = {
				BuildIndependentTargetsInParallel = 1;
				LastSwiftUpdateCheck = 1410;
				LastUpgradeCheck = 1410;
				TargetAttributes = {
					8CE262762996C18D00889E32 = {
						CreatedOnToolsVersion = 14.1;
					};
				};
			};
			buildConfigurationList = 8CE262722996C18D00889E32 /* Build configuration list for PBXProject "ContactListHM" */;
			compatibilityVersion = "Xcode 14.0";
			developmentRegion = en;
			hasScannedForEncodings = 0;
			knownRegions = (
				en,
				Base,
			);
			mainGroup = 8CE2626E2996C18D00889E32;
			productRefGroup = 8CE262782996C18D00889E32 /* Products */;
			projectDirPath = "";
			projectRoot = "";
			targets = (
				8CE262762996C18D00889E32 /* ContactListHM */,
			);
		};
/* End PBXProject section */

/* Begin PBXResourcesBuildPhase section */
		8CE262752996C18D00889E32 /* Resources */ = {
			isa = PBXResourcesBuildPhase;
			buildActionMask = 2147483647;
			files = (
				8CE262872996C18E00889E32 /* LaunchScreen.storyboard in Resources */,
				8CE262842996C18E00889E32 /* Assets.xcassets in Resources */,
				8CE262822996C18D00889E32 /* Main.storyboard in Resources */,
			);
			runOnlyForDeploymentPostprocessing = 0;
		};
/* End PBXResourcesBuildPhase section */

/* Begin PBXSourcesBuildPhase section */
		8CE262732996C18D00889E32 /* Sources */ = {
			isa = PBXSourcesBuildPhase;
			buildActionMask = 2147483647;
			files = (
				8CE262902996C22000889E32 /* ModelForContact.swift in Sources */,
				8CE2627F2996C18D00889E32 /* ViewController.swift in Sources */,
				8CE262992996C2F300889E32 /* DetailedViewController.swift in Sources */,
				8C0ECD1E29982565002AAA57 /* TabBarController.swift in Sources */,
				8CE2627B2996C18D00889E32 /* AppDelegate.swift in Sources */,
				8C0ECD2029982C5B002AAA57 /* UIColorTabBar.swift in Sources */,
				8CE262972996C2CC00889E32 /* InfoViewController.swift in Sources */,
				8CE262932996C27000889E32 /* DataStore.swift in Sources */,
				8CE2627D2996C18D00889E32 /* SceneDelegate.swift in Sources */,
				8CE262952996C2A600889E32 /* ContactViewController.swift in Sources */,
			);
			runOnlyForDeploymentPostprocessing = 0;
		};
/* End PBXSourcesBuildPhase section */

/* Begin PBXVariantGroup section */
		8CE262802996C18D00889E32 /* Main.storyboard */ = {
			isa = PBXVariantGroup;
			children = (
				8CE262812996C18D00889E32 /* Base */,
			);
			name = Main.storyboard;
			sourceTree = "<group>";
		};
		8CE262852996C18E00889E32 /* LaunchScreen.storyboard */ = {
			isa = PBXVariantGroup;
			children = (
				8CE262862996C18E00889E32 /* Base */,
			);
			name = LaunchScreen.storyboard;
			sourceTree = "<group>";
		};
/* End PBXVariantGroup section */

/* Begin XCBuildConfiguration section */
		8CE262892996C18E00889E32 /* Debug */ = {
			isa = XCBuildConfiguration;
			buildSettings = {
				ALWAYS_SEARCH_USER_PATHS = NO;
				CLANG_ANALYZER_NONNULL = YES;
				CLANG_ANALYZER_NUMBER_OBJECT_CONVERSION = YES_AGGRESSIVE;
				CLANG_CXX_LANGUAGE_STANDARD = "gnu++20";
				CLANG_ENABLE_MODULES = YES;
				CLANG_ENABLE_OBJC_ARC = YES;
				CLANG_ENABLE_OBJC_WEAK = YES;
				CLANG_WARN_BLOCK_CAPTURE_AUTORELEASING = YES;
				CLANG_WARN_BOOL_CONVERSION = YES;
				CLANG_WARN_COMMA = YES;
				CLANG_WARN_CONSTANT_CONVERSION = YES;
				CLANG_WARN_DEPRECATED_OBJC_IMPLEMENTATIONS = YES;
				CLANG_WARN_DIRECT_OBJC_ISA_USAGE = YES_ERROR;
				CLANG_WARN_DOCUMENTATION_COMMENTS = YES;
				CLANG_WARN_EMPTY_BODY = YES;
				CLANG_WARN_ENUM_CONVERSION = YES;
				CLANG_WARN_INFINITE_RECURSION = YES;
				CLANG_WARN_INT_CONVERSION = YES;
				CLANG_WARN_NON_LITERAL_NULL_CONVERSION = YES;
				CLANG_WARN_OBJC_IMPLICIT_RETAIN_SELF = YES;
				CLANG_WARN_OBJC_LITERAL_CONVERSION = YES;
				CLANG_WARN_OBJC_ROOT_CLASS = YES_ERROR;
				CLANG_WARN_QUOTED_INCLUDE_IN_FRAMEWORK_HEADER = YES;
				CLANG_WARN_RANGE_LOOP_ANALYSIS = YES;
				CLANG_WARN_STRICT_PROTOTYPES = YES;
				CLANG_WARN_SUSPICIOUS_MOVE = YES;
				CLANG_WARN_UNGUARDED_AVAILABILITY = YES_AGGRESSIVE;
				CLANG_WARN_UNREACHABLE_CODE = YES;
				CLANG_WARN__DUPLICATE_METHOD_MATCH = YES;
				COPY_PHASE_STRIP = NO;
				DEBUG_INFORMATION_FORMAT = dwarf;
				ENABLE_STRICT_OBJC_MSGSEND = YES;
				ENABLE_TESTABILITY = YES;
				GCC_C_LANGUAGE_STANDARD = gnu11;
				GCC_DYNAMIC_NO_PIC = NO;
				GCC_NO_COMMON_BLOCKS = YES;
				GCC_OPTIMIZATION_LEVEL = 0;
				GCC_PREPROCESSOR_DEFINITIONS = (
					"DEBUG=1",
					"$(inherited)",
				);
				GCC_WARN_64_TO_32_BIT_CONVERSION = YES;
				GCC_WARN_ABOUT_RETURN_TYPE = YES_ERROR;
				GCC_WARN_UNDECLARED_SELECTOR = YES;
				GCC_WARN_UNINITIALIZED_AUTOS = YES_AGGRESSIVE;
				GCC_WARN_UNUSED_FUNCTION = YES;
				GCC_WARN_UNUSED_VARIABLE = YES;
				IPHONEOS_DEPLOYMENT_TARGET = 16.1;
				MTL_ENABLE_DEBUG_INFO = INCLUDE_SOURCE;
				MTL_FAST_MATH = YES;
				ONLY_ACTIVE_ARCH = YES;
				SDKROOT = iphoneos;
				SWIFT_ACTIVE_COMPILATION_CONDITIONS = DEBUG;
				SWIFT_OPTIMIZATION_LEVEL = "-Onone";
			};
			name = Debug;
		};
		8CE2628A2996C18E00889E32 /* Release */ = {
			isa = XCBuildConfiguration;
			buildSettings = {
				ALWAYS_SEARCH_USER_PATHS = NO;
				CLANG_ANALYZER_NONNULL = YES;
				CLANG_ANALYZER_NUMBER_OBJECT_CONVERSION = YES_AGGRESSIVE;
				CLANG_CXX_LANGUAGE_STANDARD = "gnu++20";
				CLANG_ENABLE_MODULES = YES;
				CLANG_ENABLE_OBJC_ARC = YES;
				CLANG_ENABLE_OBJC_WEAK = YES;
				CLANG_WARN_BLOCK_CAPTURE_AUTORELEASING = YES;
				CLANG_WARN_BOOL_CONVERSION = YES;
				CLANG_WARN_COMMA = YES;
				CLANG_WARN_CONSTANT_CONVERSION = YES;
				CLANG_WARN_DEPRECATED_OBJC_IMPLEMENTATIONS = YES;
				CLANG_WARN_DIRECT_OBJC_ISA_USAGE = YES_ERROR;
				CLANG_WARN_DOCUMENTATION_COMMENTS = YES;
				CLANG_WARN_EMPTY_BODY = YES;
				CLANG_WARN_ENUM_CONVERSION = YES;
				CLANG_WARN_INFINITE_RECURSION = YES;
				CLANG_WARN_INT_CONVERSION = YES;
				CLANG_WARN_NON_LITERAL_NULL_CONVERSION = YES;
				CLANG_WARN_OBJC_IMPLICIT_RETAIN_SELF = YES;
				CLANG_WARN_OBJC_LITERAL_CONVERSION = YES;
				CLANG_WARN_OBJC_ROOT_CLASS = YES_ERROR;
				CLANG_WARN_QUOTED_INCLUDE_IN_FRAMEWORK_HEADER = YES;
				CLANG_WARN_RANGE_LOOP_ANALYSIS = YES;
				CLANG_WARN_STRICT_PROTOTYPES = YES;
				CLANG_WARN_SUSPICIOUS_MOVE = YES;
				CLANG_WARN_UNGUARDED_AVAILABILITY = YES_AGGRESSIVE;
				CLANG_WARN_UNREACHABLE_CODE = YES;
				CLANG_WARN__DUPLICATE_METHOD_MATCH = YES;
				COPY_PHASE_STRIP = NO;
				DEBUG_INFORMATION_FORMAT = "dwarf-with-dsym";
				ENABLE_NS_ASSERTIONS = NO;
				ENABLE_STRICT_OBJC_MSGSEND = YES;
				GCC_C_LANGUAGE_STANDARD = gnu11;
				GCC_NO_COMMON_BLOCKS = YES;
				GCC_WARN_64_TO_32_BIT_CONVERSION = YES;
				GCC_WARN_ABOUT_RETURN_TYPE = YES_ERROR;
				GCC_WARN_UNDECLARED_SELECTOR = YES;
				GCC_WARN_UNINITIALIZED_AUTOS = YES_AGGRESSIVE;
				GCC_WARN_UNUSED_FUNCTION = YES;
				GCC_WARN_UNUSED_VARIABLE = YES;
				IPHONEOS_DEPLOYMENT_TARGET = 16.1;
				MTL_ENABLE_DEBUG_INFO = NO;
				MTL_FAST_MATH = YES;
				SDKROOT = iphoneos;
				SWIFT_COMPILATION_MODE = wholemodule;
				SWIFT_OPTIMIZATION_LEVEL = "-O";
				VALIDATE_PRODUCT = YES;
			};
			name = Release;
		};
		8CE2628C2996C18E00889E32 /* Debug */ = {
			isa = XCBuildConfiguration;
			buildSettings = {
				ASSETCATALOG_COMPILER_APPICON_NAME = AppIcon;
				ASSETCATALOG_COMPILER_GLOBAL_ACCENT_COLOR_NAME = AccentColor;
				CODE_SIGN_STYLE = Automatic;
				CURRENT_PROJECT_VERSION = 1;
				GENERATE_INFOPLIST_FILE = YES;
				INFOPLIST_FILE = ContactListHM/Info.plist;
				INFOPLIST_KEY_UIApplicationSupportsIndirectInputEvents = YES;
				INFOPLIST_KEY_UILaunchStoryboardName = LaunchScreen;
				INFOPLIST_KEY_UIMainStoryboardFile = Main;
				INFOPLIST_KEY_UISupportedInterfaceOrientations_iPad = "UIInterfaceOrientationPortrait UIInterfaceOrientationPortraitUpsideDown UIInterfaceOrientationLandscapeLeft UIInterfaceOrientationLandscapeRight";
				INFOPLIST_KEY_UISupportedInterfaceOrientations_iPhone = "UIInterfaceOrientationPortrait UIInterfaceOrientationLandscapeLeft UIInterfaceOrientationLandscapeRight";
				LD_RUNPATH_SEARCH_PATHS = (
					"$(inherited)",
					"@executable_path/Frameworks",
				);
				MARKETING_VERSION = 1.0;
				PRODUCT_BUNDLE_IDENTIFIER = Tatarax.ContactListHM;
				PRODUCT_NAME = "$(TARGET_NAME)";
				SUPPORTED_PLATFORMS = "iphoneos iphonesimulator";
				SUPPORTS_MACCATALYST = NO;
				SUPPORTS_MAC_DESIGNED_FOR_IPHONE_IPAD = NO;
				SWIFT_EMIT_LOC_STRINGS = YES;
				SWIFT_VERSION = 5.0;
				TARGETED_DEVICE_FAMILY = 1;
			};
			name = Debug;
		};
		8CE2628D2996C18E00889E32 /* Release */ = {
			isa = XCBuildConfiguration;
			buildSettings = {
				ASSETCATALOG_COMPILER_APPICON_NAME = AppIcon;
				ASSETCATALOG_COMPILER_GLOBAL_ACCENT_COLOR_NAME = AccentColor;
				CODE_SIGN_STYLE = Automatic;
				CURRENT_PROJECT_VERSION = 1;
				GENERATE_INFOPLIST_FILE = YES;
				INFOPLIST_FILE = ContactListHM/Info.plist;
				INFOPLIST_KEY_UIApplicationSupportsIndirectInputEvents = YES;
				INFOPLIST_KEY_UILaunchStoryboardName = LaunchScreen;
				INFOPLIST_KEY_UIMainStoryboardFile = Main;
				INFOPLIST_KEY_UISupportedInterfaceOrientations_iPad = "UIInterfaceOrientationPortrait UIInterfaceOrientationPortraitUpsideDown UIInterfaceOrientationLandscapeLeft UIInterfaceOrientationLandscapeRight";
				INFOPLIST_KEY_UISupportedInterfaceOrientations_iPhone = "UIInterfaceOrientationPortrait UIInterfaceOrientationLandscapeLeft UIInterfaceOrientationLandscapeRight";
				LD_RUNPATH_SEARCH_PATHS = (
					"$(inherited)",
					"@executable_path/Frameworks",
				);
				MARKETING_VERSION = 1.0;
				PRODUCT_BUNDLE_IDENTIFIER = Tatarax.ContactListHM;
				PRODUCT_NAME = "$(TARGET_NAME)";
				SUPPORTED_PLATFORMS = "iphoneos iphonesimulator";
				SUPPORTS_MACCATALYST = NO;
				SUPPORTS_MAC_DESIGNED_FOR_IPHONE_IPAD = NO;
				SWIFT_EMIT_LOC_STRINGS = YES;
				SWIFT_VERSION = 5.0;
				TARGETED_DEVICE_FAMILY = 1;
			};
			name = Release;
		};
/* End XCBuildConfiguration section */

/* Begin XCConfigurationList section */
		8CE262722996C18D00889E32 /* Build configuration list for PBXProject "ContactListHM" */ = {
			isa = XCConfigurationList;
			buildConfigurations = (
				8CE262892996C18E00889E32 /* Debug */,
				8CE2628A2996C18E00889E32 /* Release */,
			);
			defaultConfigurationIsVisible = 0;
			defaultConfigurationName = Release;
		};
		8CE2628B2996C18E00889E32 /* Build configuration list for PBXNativeTarget "ContactListHM" */ = {
			isa = XCConfigurationList;
			buildConfigurations = (
				8CE2628C2996C18E00889E32 /* Debug */,
				8CE2628D2996C18E00889E32 /* Release */,
			);
			defaultConfigurationIsVisible = 0;
			defaultConfigurationName = Release;
		};
/* End XCConfigurationList section */
	};
	rootObject = 8CE2626F2996C18D00889E32 /* Project object */;
}
